# This file is automatically @generated by Poetry and should not be changed by hand.

[[package]]
name = "mosek"
version = "10.0.45"
description = "Python API for Mosek"
category = "dev"
optional = false
python-versions = "*"
files = [
    {file = "Mosek-10.0.45-cp310-cp310-macosx_10_15_x86_64.whl", hash = "sha256:fa01b231165c9fd1f7320ebbe020a360e1a64b7d03c0c9b1fea47a3584a3f22e"},
    {file = "Mosek-10.0.45-cp310-cp310-macosx_11_0_arm64.whl", hash = "sha256:13a821260b6fe97fd6b927649b9ba00b4c109e9e4bab389baa1b2c90f617b3af"},
    {file = "Mosek-10.0.45-cp310-cp310-manylinux2014_aarch64.whl", hash = "sha256:8b5bbbce0201f42f97d68e5da3e06bde520af07aa4eccfb47c79dbf4faadc2ae"},
    {file = "Mosek-10.0.45-cp310-cp310-manylinux2014_x86_64.whl", hash = "sha256:33c93fd189040b785ba22c6865b72e7a0a94a19187f03a2afd70661aa32f438e"},
    {file = "Mosek-10.0.45-cp310-cp310-win_amd64.whl", hash = "sha256:3a7128ea70d4e3cd6767d7b7db794c0e5368795e78200c8d6111bbee5ce1d2b6"},
    {file = "Mosek-10.0.45-cp37-cp37m-macosx_10_15_x86_64.whl", hash = "sha256:6dddbb989c822a89d669ccf5a55a62854f550fc5744433576c7d7682c0048422"},
    {file = "Mosek-10.0.45-cp37-cp37m-manylinux2014_aarch64.whl", hash = "sha256:509b91644b0dfa242c212d690085efa573193b2a631a6b0cc4ed803d3949e426"},
    {file = "Mosek-10.0.45-cp37-cp37m-manylinux2014_x86_64.whl", hash = "sha256:6222d6b2c5371a97adfd8d6653ed04808c400cc6670d8a462fff982a842519a9"},
    {file = "Mosek-10.0.45-cp37-cp37m-win_amd64.whl", hash = "sha256:ce6a12357a758e1ef9049011415a17c6f14319aba30e6b0e412d0ce4ccb9d8f9"},
    {file = "Mosek-10.0.45-cp38-cp38-macosx_10_15_x86_64.whl", hash = "sha256:7d69183627cfcfa4145ad25289355727ea1cf7ebab79688dc038942ef0d48683"},
    {file = "Mosek-10.0.45-cp38-cp38-macosx_11_0_arm64.whl", hash = "sha256:2ca603fd3f1f65aff5f3224546ff6d7d390a44ca58c83624c651f378cb3e6419"},
    {file = "Mosek-10.0.45-cp38-cp38-manylinux2014_aarch64.whl", hash = "sha256:b3723e6598811955cddcfbc9de99f643b226d0ee8347b1f60eff4ddc576c22c4"},
    {file = "Mosek-10.0.45-cp38-cp38-manylinux2014_x86_64.whl", hash = "sha256:092d6850fb371a1ce82aa82fe6b6b832ee918747ff7e9396971b154539625655"},
    {file = "Mosek-10.0.45-cp38-cp38-win_amd64.whl", hash = "sha256:e1506ce63961395aad43a507e81368bbe92934eab1b1854cd7f175e30cdeb142"},
    {file = "Mosek-10.0.45-cp39-cp39-macosx_10_15_x86_64.whl", hash = "sha256:6992d47dd881fc6175078de8ca2dfecbb14d7220c082add55146880a4d4bc621"},
    {file = "Mosek-10.0.45-cp39-cp39-macosx_11_0_arm64.whl", hash = "sha256:edd6540c452f0a3ce7458a94b3bbef08fbcddb4022701c0037fa234de25f5b53"},
    {file = "Mosek-10.0.45-cp39-cp39-manylinux2014_aarch64.whl", hash = "sha256:d237ada87e50c658f0317a16cab90a00c31d795a3150f699401be0bac60844ea"},
    {file = "Mosek-10.0.45-cp39-cp39-manylinux2014_x86_64.whl", hash = "sha256:7dbe29f892e8b798071db12f9123f824e47a8d88cfe233529d4a4c9eeab3de19"},
    {file = "Mosek-10.0.45-cp39-cp39-win_amd64.whl", hash = "sha256:af712d43b349f46d0bbdf4294d0dddac208358cf841d2cf320601086f9b6b75f"},
]

[[package]]
name = "numpy"
version = "1.24.3"
description = "Fundamental package for array computing in Python"
category = "dev"
optional = false
python-versions = ">=3.8"
files = [
    {file = "numpy-1.24.3-cp310-cp310-macosx_10_9_x86_64.whl", hash = "sha256:3c1104d3c036fb81ab923f507536daedc718d0ad5a8707c6061cdfd6d184e570"},
    {file = "numpy-1.24.3-cp310-cp310-macosx_11_0_arm64.whl", hash = "sha256:202de8f38fc4a45a3eea4b63e2f376e5f2dc64ef0fa692838e31a808520efaf7"},
    {file = "numpy-1.24.3-cp310-cp310-manylinux_2_17_aarch64.manylinux2014_aarch64.whl", hash = "sha256:8535303847b89aa6b0f00aa1dc62867b5a32923e4d1681a35b5eef2d9591a463"},
    {file = "numpy-1.24.3-cp310-cp310-manylinux_2_17_x86_64.manylinux2014_x86_64.whl", hash = "sha256:2d926b52ba1367f9acb76b0df6ed21f0b16a1ad87c6720a1121674e5cf63e2b6"},
    {file = "numpy-1.24.3-cp310-cp310-win32.whl", hash = "sha256:f21c442fdd2805e91799fbe044a7b999b8571bb0ab0f7850d0cb9641a687092b"},
    {file = "numpy-1.24.3-cp310-cp310-win_amd64.whl", hash = "sha256:ab5f23af8c16022663a652d3b25dcdc272ac3f83c3af4c02eb8b824e6b3ab9d7"},
    {file = "numpy-1.24.3-cp311-cp311-macosx_10_9_x86_64.whl", hash = "sha256:9a7721ec204d3a237225db3e194c25268faf92e19338a35f3a224469cb6039a3"},
    {file = "numpy-1.24.3-cp311-cp311-macosx_11_0_arm64.whl", hash = "sha256:d6cc757de514c00b24ae8cf5c876af2a7c3df189028d68c0cb4eaa9cd5afc2bf"},
    {file = "numpy-1.24.3-cp311-cp311-manylinux_2_17_aarch64.manylinux2014_aarch64.whl", hash = "sha256:76e3f4e85fc5d4fd311f6e9b794d0c00e7002ec122be271f2019d63376f1d385"},
    {file = "numpy-1.24.3-cp311-cp311-manylinux_2_17_x86_64.manylinux2014_x86_64.whl", hash = "sha256:a1d3c026f57ceaad42f8231305d4653d5f05dc6332a730ae5c0bea3513de0950"},
    {file = "numpy-1.24.3-cp311-cp311-win32.whl", hash = "sha256:c91c4afd8abc3908e00a44b2672718905b8611503f7ff87390cc0ac3423fb096"},
    {file = "numpy-1.24.3-cp311-cp311-win_amd64.whl", hash = "sha256:5342cf6aad47943286afa6f1609cad9b4266a05e7f2ec408e2cf7aea7ff69d80"},
    {file = "numpy-1.24.3-cp38-cp38-macosx_10_9_x86_64.whl", hash = "sha256:7776ea65423ca6a15255ba1872d82d207bd1e09f6d0894ee4a64678dd2204078"},
    {file = "numpy-1.24.3-cp38-cp38-macosx_11_0_arm64.whl", hash = "sha256:ae8d0be48d1b6ed82588934aaaa179875e7dc4f3d84da18d7eae6eb3f06c242c"},
    {file = "numpy-1.24.3-cp38-cp38-manylinux_2_17_aarch64.manylinux2014_aarch64.whl", hash = "sha256:ecde0f8adef7dfdec993fd54b0f78183051b6580f606111a6d789cd14c61ea0c"},
    {file = "numpy-1.24.3-cp38-cp38-manylinux_2_17_x86_64.manylinux2014_x86_64.whl", hash = "sha256:4749e053a29364d3452c034827102ee100986903263e89884922ef01a0a6fd2f"},
    {file = "numpy-1.24.3-cp38-cp38-win32.whl", hash = "sha256:d933fabd8f6a319e8530d0de4fcc2e6a61917e0b0c271fded460032db42a0fe4"},
    {file = "numpy-1.24.3-cp38-cp38-win_amd64.whl", hash = "sha256:56e48aec79ae238f6e4395886b5eaed058abb7231fb3361ddd7bfdf4eed54289"},
    {file = "numpy-1.24.3-cp39-cp39-macosx_10_9_x86_64.whl", hash = "sha256:4719d5aefb5189f50887773699eaf94e7d1e02bf36c1a9d353d9f46703758ca4"},
    {file = "numpy-1.24.3-cp39-cp39-macosx_11_0_arm64.whl", hash = "sha256:0ec87a7084caa559c36e0a2309e4ecb1baa03b687201d0a847c8b0ed476a7187"},
    {file = "numpy-1.24.3-cp39-cp39-manylinux_2_17_aarch64.manylinux2014_aarch64.whl", hash = "sha256:ea8282b9bcfe2b5e7d491d0bf7f3e2da29700cec05b49e64d6246923329f2b02"},
    {file = "numpy-1.24.3-cp39-cp39-manylinux_2_17_x86_64.manylinux2014_x86_64.whl", hash = "sha256:210461d87fb02a84ef243cac5e814aad2b7f4be953b32cb53327bb49fd77fbb4"},
    {file = "numpy-1.24.3-cp39-cp39-win32.whl", hash = "sha256:784c6da1a07818491b0ffd63c6bbe5a33deaa0e25a20e1b3ea20cf0e43f8046c"},
    {file = "numpy-1.24.3-cp39-cp39-win_amd64.whl", hash = "sha256:d5036197ecae68d7f491fcdb4df90082b0d4960ca6599ba2659957aafced7c17"},
    {file = "numpy-1.24.3-pp38-pypy38_pp73-macosx_10_9_x86_64.whl", hash = "sha256:352ee00c7f8387b44d19f4cada524586f07379c0d49270f87233983bc5087ca0"},
    {file = "numpy-1.24.3-pp38-pypy38_pp73-manylinux_2_17_x86_64.manylinux2014_x86_64.whl", hash = "sha256:1a7d6acc2e7524c9955e5c903160aa4ea083736fde7e91276b0e5d98e6332812"},
    {file = "numpy-1.24.3-pp38-pypy38_pp73-win_amd64.whl", hash = "sha256:35400e6a8d102fd07c71ed7dcadd9eb62ee9a6e84ec159bd48c28235bbb0f8e4"},
    {file = "numpy-1.24.3.tar.gz", hash = "sha256:ab344f1bf21f140adab8e47fdbc7c35a477dc01408791f8ba00d018dd0bc5155"},
]

[[package]]
name = "urllib3"
version = "2.0.2"
description = "HTTP library with thread-safe connection pooling, file post, and more."
category = "main"
optional = false
python-versions = ">=3.7"
files = [
    {file = "urllib3-2.0.2-py3-none-any.whl", hash = "sha256:d055c2f9d38dc53c808f6fdc8eab7360b6fdbbde02340ed25cfbcd817c62469e"},
    {file = "urllib3-2.0.2.tar.gz", hash = "sha256:61717a1095d7e155cdb737ac7bb2f4324a858a1e2e6466f6d03ff630ca68d3cc"},
]

[package.extras]
brotli = ["brotli (>=1.0.9)", "brotlicffi (>=0.8.0)"]
secure = ["certifi", "cryptography (>=1.9)", "idna (>=2.0.0)", "pyopenssl (>=17.1.0)", "urllib3-secure-extra"]
socks = ["pysocks (>=1.5.6,!=1.5.7,<2.0)"]
zstd = ["zstandard (>=0.18.0)"]

[metadata]
lock-version = "2.0"
python-versions = ">=3.9"
content-hash = "eb7dbe8700dfa56c35c8e0e245c63ea21ac7486c53c5e83ccdc0ecf04c771705"
