# This file is automatically @generated by Poetry and should not be changed by hand.

[[package]]
name = "mosek"
version = "10.0.45"
description = "Python API for Mosek"
category = "dev"
optional = false
python-versions = "*"
files = [
    {file = "Mosek-10.0.45-cp310-cp310-macosx_10_15_x86_64.whl", hash = "sha256:fa01b231165c9fd1f7320ebbe020a360e1a64b7d03c0c9b1fea47a3584a3f22e"},
    {file = "Mosek-10.0.45-cp310-cp310-macosx_11_0_arm64.whl", hash = "sha256:13a821260b6fe97fd6b927649b9ba00b4c109e9e4bab389baa1b2c90f617b3af"},
    {file = "Mosek-10.0.45-cp310-cp310-manylinux2014_aarch64.whl", hash = "sha256:8b5bbbce0201f42f97d68e5da3e06bde520af07aa4eccfb47c79dbf4faadc2ae"},
    {file = "Mosek-10.0.45-cp310-cp310-manylinux2014_x86_64.whl", hash = "sha256:33c93fd189040b785ba22c6865b72e7a0a94a19187f03a2afd70661aa32f438e"},
    {file = "Mosek-10.0.45-cp310-cp310-win_amd64.whl", hash = "sha256:3a7128ea70d4e3cd6767d7b7db794c0e5368795e78200c8d6111bbee5ce1d2b6"},
    {file = "Mosek-10.0.45-cp37-cp37m-macosx_10_15_x86_64.whl", hash = "sha256:6dddbb989c822a89d669ccf5a55a62854f550fc5744433576c7d7682c0048422"},
    {file = "Mosek-10.0.45-cp37-cp37m-manylinux2014_aarch64.whl", hash = "sha256:509b91644b0dfa242c212d690085efa573193b2a631a6b0cc4ed803d3949e426"},
    {file = "Mosek-10.0.45-cp37-cp37m-manylinux2014_x86_64.whl", hash = "sha256:6222d6b2c5371a97adfd8d6653ed04808c400cc6670d8a462fff982a842519a9"},
    {file = "Mosek-10.0.45-cp37-cp37m-win_amd64.whl", hash = "sha256:ce6a12357a758e1ef9049011415a17c6f14319aba30e6b0e412d0ce4ccb9d8f9"},
    {file = "Mosek-10.0.45-cp38-cp38-macosx_10_15_x86_64.whl", hash = "sha256:7d69183627cfcfa4145ad25289355727ea1cf7ebab79688dc038942ef0d48683"},
    {file = "Mosek-10.0.45-cp38-cp38-macosx_11_0_arm64.whl", hash = "sha256:2ca603fd3f1f65aff5f3224546ff6d7d390a44ca58c83624c651f378cb3e6419"},
    {file = "Mosek-10.0.45-cp38-cp38-manylinux2014_aarch64.whl", hash = "sha256:b3723e6598811955cddcfbc9de99f643b226d0ee8347b1f60eff4ddc576c22c4"},
    {file = "Mosek-10.0.45-cp38-cp38-manylinux2014_x86_64.whl", hash = "sha256:092d6850fb371a1ce82aa82fe6b6b832ee918747ff7e9396971b154539625655"},
    {file = "Mosek-10.0.45-cp38-cp38-win_amd64.whl", hash = "sha256:e1506ce63961395aad43a507e81368bbe92934eab1b1854cd7f175e30cdeb142"},
    {file = "Mosek-10.0.45-cp39-cp39-macosx_10_15_x86_64.whl", hash = "sha256:6992d47dd881fc6175078de8ca2dfecbb14d7220c082add55146880a4d4bc621"},
    {file = "Mosek-10.0.45-cp39-cp39-macosx_11_0_arm64.whl", hash = "sha256:edd6540c452f0a3ce7458a94b3bbef08fbcddb4022701c0037fa234de25f5b53"},
    {file = "Mosek-10.0.45-cp39-cp39-manylinux2014_aarch64.whl", hash = "sha256:d237ada87e50c658f0317a16cab90a00c31d795a3150f699401be0bac60844ea"},
    {file = "Mosek-10.0.45-cp39-cp39-manylinux2014_x86_64.whl", hash = "sha256:7dbe29f892e8b798071db12f9123f824e47a8d88cfe233529d4a4c9eeab3de19"},
    {file = "Mosek-10.0.45-cp39-cp39-win_amd64.whl", hash = "sha256:af712d43b349f46d0bbdf4294d0dddac208358cf841d2cf320601086f9b6b75f"},
]

[[package]]
name = "urllib3"
version = "2.0.2"
description = "HTTP library with thread-safe connection pooling, file post, and more."
category = "main"
optional = false
python-versions = ">=3.7"
files = [
    {file = "urllib3-2.0.2-py3-none-any.whl", hash = "sha256:d055c2f9d38dc53c808f6fdc8eab7360b6fdbbde02340ed25cfbcd817c62469e"},
    {file = "urllib3-2.0.2.tar.gz", hash = "sha256:61717a1095d7e155cdb737ac7bb2f4324a858a1e2e6466f6d03ff630ca68d3cc"},
]

[package.extras]
brotli = ["brotli (>=1.0.9)", "brotlicffi (>=0.8.0)"]
secure = ["certifi", "cryptography (>=1.9)", "idna (>=2.0.0)", "pyopenssl (>=17.1.0)", "urllib3-secure-extra"]
socks = ["pysocks (>=1.5.6,!=1.5.7,<2.0)"]
zstd = ["zstandard (>=0.18.0)"]

[metadata]
lock-version = "2.0"
python-versions = ">=3.9"
content-hash = "725408da45c15ad9ffa6bf98b9021ec789132e5ff7690627e06e582c85804e35"
