# This file is automatically @generated by Poetry 1.4.2 and should not be changed by hand.

[[package]]
name = "mosek"
version = "10.0.46"
description = "Python API for Mosek"
category = "dev"
optional = false
python-versions = "*"
files = [
    {file = "Mosek-10.0.46-cp310-cp310-macosx_10_15_x86_64.whl", hash = "sha256:64c67fd828353ba17a974f6afb8789851b5457426c0aab364dfd2b64b7348b53"},
    {file = "Mosek-10.0.46-cp310-cp310-macosx_11_0_arm64.whl", hash = "sha256:71dea2fb6e1a4e7df75a74dc7a5c7abcf9635f263391b505494015dc86b656a1"},
    {file = "Mosek-10.0.46-cp310-cp310-manylinux2014_aarch64.whl", hash = "sha256:6d5fdd730ed712efb2edb956cd8f365f938d77561d6b6d1f2e70c1fc4d62853a"},
    {file = "Mosek-10.0.46-cp310-cp310-manylinux2014_x86_64.whl", hash = "sha256:4fb126628781af2293c1961b1cc4d0e67154c39c90d8a9634a907124cc0da2c4"},
    {file = "Mosek-10.0.46-cp310-cp310-win_amd64.whl", hash = "sha256:3f5406c994919b1d5d9b4bfc757adc48248d751cf839b8fe66afe6a07e66c3a3"},
    {file = "Mosek-10.0.46-cp37-cp37m-macosx_10_15_x86_64.whl", hash = "sha256:ad8e75209ac4d0c87e0e866b7e581259a8f3e4b17a4e92cd48107172760188c4"},
    {file = "Mosek-10.0.46-cp37-cp37m-manylinux2014_aarch64.whl", hash = "sha256:47c20ce18ef0e15d84756c4eea84f4c03e294d207401cb27046765f713cb48ae"},
    {file = "Mosek-10.0.46-cp37-cp37m-manylinux2014_x86_64.whl", hash = "sha256:4593814484cb336907926f7f8705d7a5a3b24c1929446d91623b81f089270ab6"},
    {file = "Mosek-10.0.46-cp37-cp37m-win_amd64.whl", hash = "sha256:ee9de1efc67f8be8ebbe23baadf058bc6afe33490b42e60b6c28dc7fae042570"},
    {file = "Mosek-10.0.46-cp38-cp38-macosx_10_15_x86_64.whl", hash = "sha256:cf8c1aac6ea0de68957141844851db54421892313e8f2759f60b48bc151f2a0d"},
    {file = "Mosek-10.0.46-cp38-cp38-macosx_11_0_arm64.whl", hash = "sha256:e4ce6b61b4b838090fefc6bc25952102e0bd00a543b83e35a91464345af89bde"},
    {file = "Mosek-10.0.46-cp38-cp38-manylinux2014_aarch64.whl", hash = "sha256:a3ac0923165d814ba4cafcad2fb6753a2be9ec2db39cb595e7b05b18dc52855c"},
    {file = "Mosek-10.0.46-cp38-cp38-manylinux2014_x86_64.whl", hash = "sha256:4d9d657c0886394350043bcbe8ae239b038023c25f6219a9144af9492a3b8614"},
    {file = "Mosek-10.0.46-cp38-cp38-win_amd64.whl", hash = "sha256:5879734a728485a2cb50b61099fcd7bf96c8b80953cf9ae4404aa25db884f81d"},
    {file = "Mosek-10.0.46-cp39-cp39-macosx_10_15_x86_64.whl", hash = "sha256:a79e7689f454bafca0322002579d5801f51c08486656535ffecc1acf9faa3e0d"},
    {file = "Mosek-10.0.46-cp39-cp39-macosx_11_0_arm64.whl", hash = "sha256:e11e26145517a9de3ecc56f8fc28ec0b505a348009906209c82546758f0aab23"},
    {file = "Mosek-10.0.46-cp39-cp39-manylinux2014_aarch64.whl", hash = "sha256:094ee305ce7d7c7536a7b73e78a2cd81a1fc17aa266a39b5369e927d3a6d99db"},
    {file = "Mosek-10.0.46-cp39-cp39-manylinux2014_x86_64.whl", hash = "sha256:27a33ac3092d79079bf1ca49985fd4ad5bae5cdf42aa0b3c88e3cbe099602486"},
    {file = "Mosek-10.0.46-cp39-cp39-win_amd64.whl", hash = "sha256:68529aec46df699fb0da1510c62e1c484da3416fb86084e2e7be4540da460e80"},
]

[[package]]
name = "numpy"
version = "1.25.2"
description = "Fundamental package for array computing in Python"
category = "dev"
optional = false
python-versions = ">=3.9"
files = [
    {file = "numpy-1.25.2-cp310-cp310-macosx_10_9_x86_64.whl", hash = "sha256:db3ccc4e37a6873045580d413fe79b68e47a681af8db2e046f1dacfa11f86eb3"},
    {file = "numpy-1.25.2-cp310-cp310-macosx_11_0_arm64.whl", hash = "sha256:90319e4f002795ccfc9050110bbbaa16c944b1c37c0baeea43c5fb881693ae1f"},
    {file = "numpy-1.25.2-cp310-cp310-manylinux_2_17_aarch64.manylinux2014_aarch64.whl", hash = "sha256:dfe4a913e29b418d096e696ddd422d8a5d13ffba4ea91f9f60440a3b759b0187"},
    {file = "numpy-1.25.2-cp310-cp310-manylinux_2_17_x86_64.manylinux2014_x86_64.whl", hash = "sha256:f08f2e037bba04e707eebf4bc934f1972a315c883a9e0ebfa8a7756eabf9e357"},
    {file = "numpy-1.25.2-cp310-cp310-musllinux_1_1_x86_64.whl", hash = "sha256:bec1e7213c7cb00d67093247f8c4db156fd03075f49876957dca4711306d39c9"},
    {file = "numpy-1.25.2-cp310-cp310-win32.whl", hash = "sha256:7dc869c0c75988e1c693d0e2d5b26034644399dd929bc049db55395b1379e044"},
    {file = "numpy-1.25.2-cp310-cp310-win_amd64.whl", hash = "sha256:834b386f2b8210dca38c71a6e0f4fd6922f7d3fcff935dbe3a570945acb1b545"},
    {file = "numpy-1.25.2-cp311-cp311-macosx_10_9_x86_64.whl", hash = "sha256:c5462d19336db4560041517dbb7759c21d181a67cb01b36ca109b2ae37d32418"},
    {file = "numpy-1.25.2-cp311-cp311-macosx_11_0_arm64.whl", hash = "sha256:c5652ea24d33585ea39eb6a6a15dac87a1206a692719ff45d53c5282e66d4a8f"},
    {file = "numpy-1.25.2-cp311-cp311-manylinux_2_17_aarch64.manylinux2014_aarch64.whl", hash = "sha256:0d60fbae8e0019865fc4784745814cff1c421df5afee233db6d88ab4f14655a2"},
    {file = "numpy-1.25.2-cp311-cp311-manylinux_2_17_x86_64.manylinux2014_x86_64.whl", hash = "sha256:60e7f0f7f6d0eee8364b9a6304c2845b9c491ac706048c7e8cf47b83123b8dbf"},
    {file = "numpy-1.25.2-cp311-cp311-musllinux_1_1_x86_64.whl", hash = "sha256:bb33d5a1cf360304754913a350edda36d5b8c5331a8237268c48f91253c3a364"},
    {file = "numpy-1.25.2-cp311-cp311-win32.whl", hash = "sha256:5883c06bb92f2e6c8181df7b39971a5fb436288db58b5a1c3967702d4278691d"},
    {file = "numpy-1.25.2-cp311-cp311-win_amd64.whl", hash = "sha256:5c97325a0ba6f9d041feb9390924614b60b99209a71a69c876f71052521d42a4"},
    {file = "numpy-1.25.2-cp39-cp39-macosx_10_9_x86_64.whl", hash = "sha256:b79e513d7aac42ae918db3ad1341a015488530d0bb2a6abcbdd10a3a829ccfd3"},
    {file = "numpy-1.25.2-cp39-cp39-macosx_11_0_arm64.whl", hash = "sha256:eb942bfb6f84df5ce05dbf4b46673ffed0d3da59f13635ea9b926af3deb76926"},
    {file = "numpy-1.25.2-cp39-cp39-manylinux_2_17_aarch64.manylinux2014_aarch64.whl", hash = "sha256:3e0746410e73384e70d286f93abf2520035250aad8c5714240b0492a7302fdca"},
    {file = "numpy-1.25.2-cp39-cp39-manylinux_2_17_x86_64.manylinux2014_x86_64.whl", hash = "sha256:d7806500e4f5bdd04095e849265e55de20d8cc4b661b038957354327f6d9b295"},
    {file = "numpy-1.25.2-cp39-cp39-musllinux_1_1_x86_64.whl", hash = "sha256:8b77775f4b7df768967a7c8b3567e309f617dd5e99aeb886fa14dc1a0791141f"},
    {file = "numpy-1.25.2-cp39-cp39-win32.whl", hash = "sha256:2792d23d62ec51e50ce4d4b7d73de8f67a2fd3ea710dcbc8563a51a03fb07b01"},
    {file = "numpy-1.25.2-cp39-cp39-win_amd64.whl", hash = "sha256:76b4115d42a7dfc5d485d358728cdd8719be33cc5ec6ec08632a5d6fca2ed380"},
    {file = "numpy-1.25.2-pp39-pypy39_pp73-macosx_10_9_x86_64.whl", hash = "sha256:1a1329e26f46230bf77b02cc19e900db9b52f398d6722ca853349a782d4cff55"},
    {file = "numpy-1.25.2-pp39-pypy39_pp73-manylinux_2_17_x86_64.manylinux2014_x86_64.whl", hash = "sha256:4c3abc71e8b6edba80a01a52e66d83c5d14433cbcd26a40c329ec7ed09f37901"},
    {file = "numpy-1.25.2-pp39-pypy39_pp73-win_amd64.whl", hash = "sha256:1b9735c27cea5d995496f46a8b1cd7b408b3f34b6d50459d9ac8fe3a20cc17bf"},
    {file = "numpy-1.25.2.tar.gz", hash = "sha256:fd608e19c8d7c55021dffd43bfe5492fab8cc105cc8986f813f8c3c048b38760"},
]

[metadata]
lock-version = "2.0"
python-versions = ">=3.9"
content-hash = "77a2896ef1ea2e46d33126525a54fb745c6f14e16f768dcdb6e22fd7bc423b23"
